// !$*UTF8*$!
{
	archiveVersion = 1;
	classes = {
	};
	objectVersion = 50;
	objects = {

/* Begin PBXBuildFile section */
		937E98E3214FC81000C80914 /* WoonplaatsViewController.swift in Sources */ = {isa = PBXBuildFile; fileRef = 937E98E2214FC81000C80914 /* WoonplaatsViewController.swift */; };
		937E98E7214FC87C00C80914 /* FavorietenTableViewController.swift in Sources */ = {isa = PBXBuildFile; fileRef = 937E98E6214FC87C00C80914 /* FavorietenTableViewController.swift */; };
		93A07041214D287F004CD2A5 /* AppDelegate.swift in Sources */ = {isa = PBXBuildFile; fileRef = 93A07040214D287F004CD2A5 /* AppDelegate.swift */; };
		93A07046214D287F004CD2A5 /* Main.storyboard in Resources */ = {isa = PBXBuildFile; fileRef = 93A07044214D287F004CD2A5 /* Main.storyboard */; };
		93A07048214D2880004CD2A5 /* Assets.xcassets in Resources */ = {isa = PBXBuildFile; fileRef = 93A07047214D2880004CD2A5 /* Assets.xcassets */; };
		93A0704B214D2880004CD2A5 /* LaunchScreen.storyboard in Resources */ = {isa = PBXBuildFile; fileRef = 93A07049214D2880004CD2A5 /* LaunchScreen.storyboard */; };
		93A07053214D2D56004CD2A5 /* MasterTableViewController.swift in Sources */ = {isa = PBXBuildFile; fileRef = 93A07052214D2D56004CD2A5 /* MasterTableViewController.swift */; };
		93A07059214D4DF8004CD2A5 /* Friend.swift in Sources */ = {isa = PBXBuildFile; fileRef = 93A07058214D4DF8004CD2A5 /* Friend.swift */; };
		93B02F9A214D69AB00826AB6 /* DetailViewController.swift in Sources */ = {isa = PBXBuildFile; fileRef = 93B02F99214D69AB00826AB6 /* DetailViewController.swift */; };
		C3AB5D42A220C62F63D13111 /* Pods_Friends.framework in Frameworks */ = {isa = PBXBuildFile; fileRef = 6E4B6FC21FE7B8E1FFBFF680 /* Pods_Friends.framework */; };
/* End PBXBuildFile section */

/* Begin PBXFileReference section */
		23C0C8E66D54922E30F4AA23 /* Pods-Friends.release.xcconfig */ = {isa = PBXFileReference; includeInIndex = 1; lastKnownFileType = text.xcconfig; name = "Pods-Friends.release.xcconfig"; path = "Target Support Files/Pods-Friends/Pods-Friends.release.xcconfig"; sourceTree = "<group>"; };
		6E4B6FC21FE7B8E1FFBFF680 /* Pods_Friends.framework */ = {isa = PBXFileReference; explicitFileType = wrapper.framework; includeInIndex = 0; path = Pods_Friends.framework; sourceTree = BUILT_PRODUCTS_DIR; };
		7096BA66E30D3BC15A16C4F5 /* Pods-Friends.debug.xcconfig */ = {isa = PBXFileReference; includeInIndex = 1; lastKnownFileType = text.xcconfig; name = "Pods-Friends.debug.xcconfig"; path = "Target Support Files/Pods-Friends/Pods-Friends.debug.xcconfig"; sourceTree = "<group>"; };
		937E98E2214FC81000C80914 /* WoonplaatsViewController.swift */ = {isa = PBXFileReference; lastKnownFileType = sourcecode.swift; path = WoonplaatsViewController.swift; sourceTree = "<group>"; };
		937E98E6214FC87C00C80914 /* FavorietenTableViewController.swift */ = {isa = PBXFileReference; lastKnownFileType = sourcecode.swift; path = FavorietenTableViewController.swift; sourceTree = "<group>"; };
		93A0703D214D287F004CD2A5 /* Friends.app */ = {isa = PBXFileReference; explicitFileType = wrapper.application; includeInIndex = 0; path = Friends.app; sourceTree = BUILT_PRODUCTS_DIR; };
		93A07040214D287F004CD2A5 /* AppDelegate.swift */ = {isa = PBXFileReference; lastKnownFileType = sourcecode.swift; path = AppDelegate.swift; sourceTree = "<group>"; };
		93A07045214D287F004CD2A5 /* Base */ = {isa = PBXFileReference; lastKnownFileType = file.storyboard; name = Base; path = Base.lproj/Main.storyboard; sourceTree = "<group>"; };
		93A07047214D2880004CD2A5 /* Assets.xcassets */ = {isa = PBXFileReference; lastKnownFileType = folder.assetcatalog; path = Assets.xcassets; sourceTree = "<group>"; };
		93A0704A214D2880004CD2A5 /* Base */ = {isa = PBXFileReference; lastKnownFileType = file.storyboard; name = Base; path = Base.lproj/LaunchScreen.storyboard; sourceTree = "<group>"; };
		93A0704C214D2880004CD2A5 /* Info.plist */ = {isa = PBXFileReference; lastKnownFileType = text.plist.xml; path = Info.plist; sourceTree = "<group>"; };
		93A07052214D2D56004CD2A5 /* MasterTableViewController.swift */ = {isa = PBXFileReference; lastKnownFileType = sourcecode.swift; path = MasterTableViewController.swift; sourceTree = "<group>"; };
		93A07058214D4DF8004CD2A5 /* Friend.swift */ = {isa = PBXFileReference; lastKnownFileType = sourcecode.swift; path = Friend.swift; sourceTree = "<group>"; };
		93B02F99214D69AB00826AB6 /* DetailViewController.swift */ = {isa = PBXFileReference; lastKnownFileType = sourcecode.swift; path = DetailViewController.swift; sourceTree = "<group>"; };
/* End PBXFileReference section */

/* Begin PBXFrameworksBuildPhase section */
		93A0703A214D287E004CD2A5 /* Frameworks */ = {
			isa = PBXFrameworksBuildPhase;
			buildActionMask = 2147483647;
			files = (
				C3AB5D42A220C62F63D13111 /* Pods_Friends.framework in Frameworks */,
			);
			runOnlyForDeploymentPostprocessing = 0;
		};
/* End PBXFrameworksBuildPhase section */

/* Begin PBXGroup section */
		10633EF23613B353B3CEE2E7 /* Pods */ = {
			isa = PBXGroup;
			children = (
				7096BA66E30D3BC15A16C4F5 /* Pods-Friends.debug.xcconfig */,
				23C0C8E66D54922E30F4AA23 /* Pods-Friends.release.xcconfig */,
			);
			path = Pods;
			sourceTree = "<group>";
		};
		57539AB1351F32CD4A37C9D2 /* Frameworks */ = {
			isa = PBXGroup;
			children = (
				6E4B6FC21FE7B8E1FFBFF680 /* Pods_Friends.framework */,
			);
			name = Frameworks;
			sourceTree = "<group>";
		};
		93A07034214D287E004CD2A5 = {
			isa = PBXGroup;
			children = (
				93A0703F214D287F004CD2A5 /* Friends */,
				93A0703E214D287F004CD2A5 /* Products */,
				10633EF23613B353B3CEE2E7 /* Pods */,
				57539AB1351F32CD4A37C9D2 /* Frameworks */,
			);
			sourceTree = "<group>";
		};
		93A0703E214D287F004CD2A5 /* Products */ = {
			isa = PBXGroup;
			children = (
				93A0703D214D287F004CD2A5 /* Friends.app */,
			);
			name = Products;
			sourceTree = "<group>";
		};
		93A0703F214D287F004CD2A5 /* Friends */ = {
			isa = PBXGroup;
			children = (
				93A07054214D2E1F004CD2A5 /* Classes */,
				93A07055214D2E34004CD2A5 /* Resources */,
				93A07056214D2E45004CD2A5 /* Storyboard */,
			);
			path = Friends;
			sourceTree = "<group>";
		};
		93A07054214D2E1F004CD2A5 /* Classes */ = {
			isa = PBXGroup;
			children = (
				93A07057214D4DDE004CD2A5 /* View */,
				93A07040214D287F004CD2A5 /* AppDelegate.swift */,
				93A07058214D4DF8004CD2A5 /* Friend.swift */,
			);
			path = Classes;
			sourceTree = "<group>";
		};
		93A07055214D2E34004CD2A5 /* Resources */ = {
			isa = PBXGroup;
			children = (
				93A07047214D2880004CD2A5 /* Assets.xcassets */,
				93A0704C214D2880004CD2A5 /* Info.plist */,
			);
			path = Resources;
			sourceTree = "<group>";
		};
		93A07056214D2E45004CD2A5 /* Storyboard */ = {
			isa = PBXGroup;
			children = (
				93A07044214D287F004CD2A5 /* Main.storyboard */,
				93A07049214D2880004CD2A5 /* LaunchScreen.storyboard */,
			);
			path = Storyboard;
			sourceTree = "<group>";
		};
		93A07057214D4DDE004CD2A5 /* View */ = {
			isa = PBXGroup;
			children = (
				93A86A23215033AC00C740B5 /* NogNietNodig */,
				93A07052214D2D56004CD2A5 /* MasterTableViewController.swift */,
				93B02F99214D69AB00826AB6 /* DetailViewController.swift */,
			);
			path = View;
			sourceTree = "<group>";
		};
		93A86A23215033AC00C740B5 /* NogNietNodig */ = {
			isa = PBXGroup;
			children = (
				937E98E2214FC81000C80914 /* WoonplaatsViewController.swift */,
				937E98E6214FC87C00C80914 /* FavorietenTableViewController.swift */,
			);
			path = NogNietNodig;
			sourceTree = "<group>";
		};
/* End PBXGroup section */

/* Begin PBXNativeTarget section */
		93A0703C214D287E004CD2A5 /* Friends */ = {
			isa = PBXNativeTarget;
			buildConfigurationList = 93A0704F214D2880004CD2A5 /* Build configuration list for PBXNativeTarget "Friends" */;
			buildPhases = (
				0B2998668D17DE2E3E58D774 /* [CP] Check Pods Manifest.lock */,
				93A07039214D287E004CD2A5 /* Sources */,
				93A0703A214D287E004CD2A5 /* Frameworks */,
				93A0703B214D287E004CD2A5 /* Resources */,
			);
			buildRules = (
			);
			dependencies = (
			);
			name = Friends;
			productName = Friends;
			productReference = 93A0703D214D287F004CD2A5 /* Friends.app */;
			productType = "com.apple.product-type.application";
		};
/* End PBXNativeTarget section */

/* Begin PBXProject section */
		93A07035214D287E004CD2A5 /* Project object */ = {
			isa = PBXProject;
			attributes = {
				LastSwiftUpdateCheck = 1000;
				LastUpgradeCheck = 1000;
				ORGANIZATIONNAME = com.bdh.staticlib;
				TargetAttributes = {
					93A0703C214D287E004CD2A5 = {
						CreatedOnToolsVersion = 10.0;
					};
				};
			};
			buildConfigurationList = 93A07038214D287E004CD2A5 /* Build configuration list for PBXProject "Friends" */;
			compatibilityVersion = "Xcode 9.3";
			developmentRegion = en;
			hasScannedForEncodings = 0;
			knownRegions = (
				en,
				Base,
			);
			mainGroup = 93A07034214D287E004CD2A5;
			productRefGroup = 93A0703E214D287F004CD2A5 /* Products */;
			projectDirPath = "";
			projectRoot = "";
			targets = (
				93A0703C214D287E004CD2A5 /* Friends */,
			);
		};
/* End PBXProject section */

/* Begin PBXResourcesBuildPhase section */
		93A0703B214D287E004CD2A5 /* Resources */ = {
			isa = PBXResourcesBuildPhase;
			buildActionMask = 2147483647;
			files = (
				93A0704B214D2880004CD2A5 /* LaunchScreen.storyboard in Resources */,
				93A07048214D2880004CD2A5 /* Assets.xcassets in Resources */,
				93A07046214D287F004CD2A5 /* Main.storyboard in Resources */,
			);
			runOnlyForDeploymentPostprocessing = 0;
		};
/* End PBXResourcesBuildPhase section */

/* Begin PBXShellScriptBuildPhase section */
		0B2998668D17DE2E3E58D774 /* [CP] Check Pods Manifest.lock */ = {
			isa = PBXShellScriptBuildPhase;
			buildActionMask = 2147483647;
			files = (
			);
			inputFileListPaths = (
			);
			inputPaths = (
				"${PODS_PODFILE_DIR_PATH}/Podfile.lock",
				"${PODS_ROOT}/Manifest.lock",
			);
			name = "[CP] Check Pods Manifest.lock";
			outputFileListPaths = (
			);
			outputPaths = (
				"$(DERIVED_FILE_DIR)/Pods-Friends-checkManifestLockResult.txt",
			);
			runOnlyForDeploymentPostprocessing = 0;
			shellPath = /bin/sh;
			shellScript = "diff \"${PODS_PODFILE_DIR_PATH}/Podfile.lock\" \"${PODS_ROOT}/Manifest.lock\" > /dev/null\nif [ $? != 0 ] ; then\n    # print error to STDERR\n    echo \"error: The sandbox is not in sync with the Podfile.lock. Run 'pod install' or update your CocoaPods installation.\" >&2\n    exit 1\nfi\n# This output is used by Xcode 'outputs' to avoid re-running this script phase.\necho \"SUCCESS\" > \"${SCRIPT_OUTPUT_FILE_0}\"\n";
			showEnvVarsInLog = 0;
		};
/* End PBXShellScriptBuildPhase section */

/* Begin PBXSourcesBuildPhase section */
		93A07039214D287E004CD2A5 /* Sources */ = {
			isa = PBXSourcesBuildPhase;
			buildActionMask = 2147483647;
			files = (
				937E98E7214FC87C00C80914 /* FavorietenTableViewController.swift in Sources */,
				93A07059214D4DF8004CD2A5 /* Friend.swift in Sources */,
				937E98E3214FC81000C80914 /* WoonplaatsViewController.swift in Sources */,
				93A07041214D287F004CD2A5 /* AppDelegate.swift in Sources */,
				93A07053214D2D56004CD2A5 /* MasterTableViewController.swift in Sources */,
				93B02F9A214D69AB00826AB6 /* DetailViewController.swift in Sources */,
			);
			runOnlyForDeploymentPostprocessing = 0;
		};
/* End PBXSourcesBuildPhase section */

/* Begin PBXVariantGroup section */
		93A07044214D287F004CD2A5 /* Main.storyboard */ = {
			isa = PBXVariantGroup;
			children = (
				93A07045214D287F004CD2A5 /* Base */,
			);
			name = Main.storyboard;
			sourceTree = "<group>";
		};
		93A07049214D2880004CD2A5 /* LaunchScreen.storyboard */ = {
			isa = PBXVariantGroup;
			children = (
				93A0704A214D2880004CD2A5 /* Base */,
			);
			name = LaunchScreen.storyboard;
			sourceTree = "<group>";
		};
/* End PBXVariantGroup section */

/* Begin XCBuildConfiguration section */
		93A0704D214D2880004CD2A5 /* Debug */ = {
			isa = XCBuildConfiguration;
			buildSettings = {
				ALWAYS_SEARCH_USER_PATHS = NO;
				CLANG_ANALYZER_NONNULL = YES;
				CLANG_ANALYZER_NUMBER_OBJECT_CONVERSION = YES_AGGRESSIVE;
				CLANG_CXX_LANGUAGE_STANDARD = "gnu++14";
				CLANG_CXX_LIBRARY = "libc++";
				CLANG_ENABLE_MODULES = YES;
				CLANG_ENABLE_OBJC_ARC = YES;
				CLANG_ENABLE_OBJC_WEAK = YES;
				CLANG_WARN_BLOCK_CAPTURE_AUTORELEASING = YES;
				CLANG_WARN_BOOL_CONVERSION = YES;
				CLANG_WARN_COMMA = YES;
				CLANG_WARN_CONSTANT_CONVERSION = YES;
				CLANG_WARN_DEPRECATED_OBJC_IMPLEMENTATIONS = YES;
				CLANG_WARN_DIRECT_OBJC_ISA_USAGE = YES_ERROR;
				CLANG_WARN_DOCUMENTATION_COMMENTS = YES;
				CLANG_WARN_EMPTY_BODY = YES;
				CLANG_WARN_ENUM_CONVERSION = YES;
				CLANG_WARN_INFINITE_RECURSION = YES;
				CLANG_WARN_INT_CONVERSION = YES;
				CLANG_WARN_NON_LITERAL_NULL_CONVERSION = YES;
				CLANG_WARN_OBJC_IMPLICIT_RETAIN_SELF = YES;
				CLANG_WARN_OBJC_LITERAL_CONVERSION = YES;
				CLANG_WARN_OBJC_ROOT_CLASS = YES_ERROR;
				CLANG_WARN_RANGE_LOOP_ANALYSIS = YES;
				CLANG_WARN_STRICT_PROTOTYPES = YES;
				CLANG_WARN_SUSPICIOUS_MOVE = YES;
				CLANG_WARN_UNGUARDED_AVAILABILITY = YES_AGGRESSIVE;
				CLANG_WARN_UNREACHABLE_CODE = YES;
				CLANG_WARN__DUPLICATE_METHOD_MATCH = YES;
				CODE_SIGN_IDENTITY = "iPhone Developer";
				COPY_PHASE_STRIP = NO;
				DEBUG_INFORMATION_FORMAT = dwarf;
				ENABLE_STRICT_OBJC_MSGSEND = YES;
				ENABLE_TESTABILITY = YES;
				GCC_C_LANGUAGE_STANDARD = gnu11;
				GCC_DYNAMIC_NO_PIC = NO;
				GCC_NO_COMMON_BLOCKS = YES;
				GCC_OPTIMIZATION_LEVEL = 0;
				GCC_PREPROCESSOR_DEFINITIONS = (
					"DEBUG=1",
					"$(inherited)",
				);
				GCC_WARN_64_TO_32_BIT_CONVERSION = YES;
				GCC_WARN_ABOUT_RETURN_TYPE = YES_ERROR;
				GCC_WARN_UNDECLARED_SELECTOR = YES;
				GCC_WARN_UNINITIALIZED_AUTOS = YES_AGGRESSIVE;
				GCC_WARN_UNUSED_FUNCTION = YES;
				GCC_WARN_UNUSED_VARIABLE = YES;
				IPHONEOS_DEPLOYMENT_TARGET = 12.0;
				MTL_ENABLE_DEBUG_INFO = INCLUDE_SOURCE;
				MTL_FAST_MATH = YES;
				ONLY_ACTIVE_ARCH = YES;
				SDKROOT = iphoneos;
				SWIFT_ACTIVE_COMPILATION_CONDITIONS = DEBUG;
				SWIFT_OPTIMIZATION_LEVEL = "-Onone";
			};
			name = Debug;
		};
		93A0704E214D2880004CD2A5 /* Release */ = {
			isa = XCBuildConfiguration;
			buildSettings = {
				ALWAYS_SEARCH_USER_PATHS = NO;
				CLANG_ANALYZER_NONNULL = YES;
				CLANG_ANALYZER_NUMBER_OBJECT_CONVERSION = YES_AGGRESSIVE;
				CLANG_CXX_LANGUAGE_STANDARD = "gnu++14";
				CLANG_CXX_LIBRARY = "libc++";
				CLANG_ENABLE_MODULES = YES;
				CLANG_ENABLE_OBJC_ARC = YES;
				CLANG_ENABLE_OBJC_WEAK = YES;
				CLANG_WARN_BLOCK_CAPTURE_AUTORELEASING = YES;
				CLANG_WARN_BOOL_CONVERSION = YES;
				CLANG_WARN_COMMA = YES;
				CLANG_WARN_CONSTANT_CONVERSION = YES;
				CLANG_WARN_DEPRECATED_OBJC_IMPLEMENTATIONS = YES;
				CLANG_WARN_DIRECT_OBJC_ISA_USAGE = YES_ERROR;
				CLANG_WARN_DOCUMENTATION_COMMENTS = YES;
				CLANG_WARN_EMPTY_BODY = YES;
				CLANG_WARN_ENUM_CONVERSION = YES;
				CLANG_WARN_INFINITE_RECURSION = YES;
				CLANG_WARN_INT_CONVERSION = YES;
				CLANG_WARN_NON_LITERAL_NULL_CONVERSION = YES;
				CLANG_WARN_OBJC_IMPLICIT_RETAIN_SELF = YES;
				CLANG_WARN_OBJC_LITERAL_CONVERSION = YES;
				CLANG_WARN_OBJC_ROOT_CLASS = YES_ERROR;
				CLANG_WARN_RANGE_LOOP_ANALYSIS = YES;
				CLANG_WARN_STRICT_PROTOTYPES = YES;
				CLANG_WARN_SUSPICIOUS_MOVE = YES;
				CLANG_WARN_UNGUARDED_AVAILABILITY = YES_AGGRESSIVE;
				CLANG_WARN_UNREACHABLE_CODE = YES;
				CLANG_WARN__DUPLICATE_METHOD_MATCH = YES;
				CODE_SIGN_IDENTITY = "iPhone Developer";
				COPY_PHASE_STRIP = NO;
				DEBUG_INFORMATION_FORMAT = "dwarf-with-dsym";
				ENABLE_NS_ASSERTIONS = NO;
				ENABLE_STRICT_OBJC_MSGSEND = YES;
				GCC_C_LANGUAGE_STANDARD = gnu11;
				GCC_NO_COMMON_BLOCKS = YES;
				GCC_WARN_64_TO_32_BIT_CONVERSION = YES;
				GCC_WARN_ABOUT_RETURN_TYPE = YES_ERROR;
				GCC_WARN_UNDECLARED_SELECTOR = YES;
				GCC_WARN_UNINITIALIZED_AUTOS = YES_AGGRESSIVE;
				GCC_WARN_UNUSED_FUNCTION = YES;
				GCC_WARN_UNUSED_VARIABLE = YES;
				IPHONEOS_DEPLOYMENT_TARGET = 12.0;
				MTL_ENABLE_DEBUG_INFO = NO;
				MTL_FAST_MATH = YES;
				SDKROOT = iphoneos;
				SWIFT_COMPILATION_MODE = wholemodule;
				SWIFT_OPTIMIZATION_LEVEL = "-O";
				VALIDATE_PRODUCT = YES;
			};
			name = Release;
		};
		93A07050214D2880004CD2A5 /* Debug */ = {
			isa = XCBuildConfiguration;
			baseConfigurationReference = 7096BA66E30D3BC15A16C4F5 /* Pods-Friends.debug.xcconfig */;
			buildSettings = {
				ASSETCATALOG_COMPILER_APPICON_NAME = AppIcon;
				CODE_SIGN_STYLE = Automatic;
				DEVELOPMENT_TEAM = 7S7JD544LJ;
				INFOPLIST_FILE = Friends/Resources/Info.plist;
				LD_RUNPATH_SEARCH_PATHS = (
					"$(inherited)",
					"@executable_path/Frameworks",
				);
				PRODUCT_BUNDLE_IDENTIFIER = com.bdh.Friends;
				PRODUCT_NAME = "$(TARGET_NAME)";
				SWIFT_VERSION = 4.2;
				TARGETED_DEVICE_FAMILY = "1,2";
			};
			name = Debug;
		};
		93A07051214D2880004CD2A5 /* Release */ = {
			isa = XCBuildConfiguration;
			baseConfigurationReference = 23C0C8E66D54922E30F4AA23 /* Pods-Friends.release.xcconfig */;
			buildSettings = {
				ASSETCATALOG_COMPILER_APPICON_NAME = AppIcon;
				CODE_SIGN_STYLE = Automatic;
				DEVELOPMENT_TEAM = 7S7JD544LJ;
				INFOPLIST_FILE = Friends/Resources/Info.plist;
				LD_RUNPATH_SEARCH_PATHS = (
					"$(inherited)",
					"@executable_path/Frameworks",
				);
				PRODUCT_BUNDLE_IDENTIFIER = com.bdh.Friends;
				PRODUCT_NAME = "$(TARGET_NAME)";
				SWIFT_VERSION = 4.2;
				TARGETED_DEVICE_FAMILY = "1,2";
			};
			name = Release;
		};
/* End XCBuildConfiguration section */

/* Begin XCConfigurationList section */
		93A07038214D287E004CD2A5 /* Build configuration list for PBXProject "Friends" */ = {
			isa = XCConfigurationList;
			buildConfigurations = (
				93A0704D214D2880004CD2A5 /* Debug */,
				93A0704E214D2880004CD2A5 /* Release */,
			);
			defaultConfigurationIsVisible = 0;
			defaultConfigurationName = Release;
		};
		93A0704F214D2880004CD2A5 /* Build configuration list for PBXNativeTarget "Friends" */ = {
			isa = XCConfigurationList;
			buildConfigurations = (
				93A07050214D2880004CD2A5 /* Debug */,
				93A07051214D2880004CD2A5 /* Release */,
			);
			defaultConfigurationIsVisible = 0;
			defaultConfigurationName = Release;
		};
/* End XCConfigurationList section */
	};
	rootObject = 93A07035214D287E004CD2A5 /* Project object */;
}
